
Microsoft Visual Studio Solution File, Format Version 12.00
# Visual Studio 15
VisualStudioVersion = 15.0.27130.2024
MinimumVisualStudioVersion = 10.0.40219.1
Project("{FAE04EC0-301F-11D3-BF4B-00C04F79EFBC}") = "UI.Web", "UI.Web\UI.Web.csproj", "{AA99BAC8-D713-41AD-8320-5CD08C1E9341}"
EndProject
Project("{FAE04EC0-301F-11D3-BF4B-00C04F79EFBC}") = "DataAPI", "DataAPI\DataAPI.csproj", "{5C9459F4-F2B9-43A5-A832-8DB6DC71C3E8}"
EndProject
Project("{FAE04EC0-301F-11D3-BF4B-00C04F79EFBC}") = "ModelsFull", "ModelsFull\ModelsFull.csproj", "{33DEAB59-50A1-4863-A7B5-62751FB4AC91}"
EndProject
Global
	GlobalSection(SolutionConfigurationPlatforms) = preSolution
		Debug|Any CPU = Debug|Any CPU
		Release|Any CPU = Release|Any CPU
	EndGlobalSection
	GlobalSection(ProjectConfigurationPlatforms) = postSolution
		{AA99BAC8-D713-41AD-8320-5CD08C1E9341}.Debug|Any CPU.ActiveCfg = Debug|Any CPU
		{AA99BAC8-D713-41AD-8320-5CD08C1E9341}.Debug|Any CPU.Build.0 = Debug|Any CPU
		{AA99BAC8-D713-41AD-8320-5CD08C1E9341}.Release|Any CPU.ActiveCfg = Release|Any CPU
		{AA99BAC8-D713-41AD-8320-5CD08C1E9341}.Release|Any CPU.Build.0 = Release|Any CPU
		{5C9459F4-F2B9-43A5-A832-8DB6DC71C3E8}.Debug|Any CPU.ActiveCfg = Debug|Any CPU
		{5C9459F4-F2B9-43A5-A832-8DB6DC71C3E8}.Debug|Any CPU.Build.0 = Debug|Any CPU
		{5C9459F4-F2B9-43A5-A832-8DB6DC71C3E8}.Release|Any CPU.ActiveCfg = Release|Any CPU
		{5C9459F4-F2B9-43A5-A832-8DB6DC71C3E8}.Release|Any CPU.Build.0 = Release|Any CPU
		{33DEAB59-50A1-4863-A7B5-62751FB4AC91}.Debug|Any CPU.ActiveCfg = Debug|Any CPU
		{33DEAB59-50A1-4863-A7B5-62751FB4AC91}.Debug|Any CPU.Build.0 = Debug|Any CPU
		{33DEAB59-50A1-4863-A7B5-62751FB4AC91}.Release|Any CPU.ActiveCfg = Release|Any CPU
		{33DEAB59-50A1-4863-A7B5-62751FB4AC91}.Release|Any CPU.Build.0 = Release|Any CPU
	EndGlobalSection
	GlobalSection(SolutionProperties) = preSolution
		HideSolutionNode = FALSE
	EndGlobalSection
	GlobalSection(ExtensibilityGlobals) = postSolution
		SolutionGuid = {236E917E-EE58-4B35-B825-6521CF2C9889}
	EndGlobalSection
EndGlobal
